
Microsoft Visual Studio Solution File, Format Version 12.00
# Visual Studio Version 17
VisualStudioVersion = 17.10.35027.167
MinimumVisualStudioVersion = 10.0.40219.1
Project("{8BC9CEB8-8B4A-11D0-8D11-00A0C91BC942}") = "ComputerGraphics_01_01", "ComputerGraphics_01_01\ComputerGraphics_01_01.vcxproj", "{E9CC2F5A-6883-4527-B56E-21A6949FBF30}"
EndProject
Project("{8BC9CEB8-8B4A-11D0-8D11-00A0C91BC942}") = "ComputerGraphics_01_02", "ComputerGraphics_01_02\ComputerGraphics_01_02.vcxproj", "{552079F7-EB69-4892-9530-AF9793F024E4}"
EndProject
Project("{8BC9CEB8-8B4A-11D0-8D11-00A0C91BC942}") = "ComputerGraphics_01_03", "ComputerGraphics_01_03\ComputerGraphics_01_03.vcxproj", "{EE9B2E53-B21D-4B3A-A568-606E55425C28}"
EndProject
Project("{8BC9CEB8-8B4A-11D0-8D11-00A0C91BC942}") = "ComputerGraphics_01_04", "ComputerGraphics_01_04\ComputerGraphics_01_04.vcxproj", "{013B65C8-4811-4919-8D40-4EEDB8389B7F}"
EndProject
Project("{8BC9CEB8-8B4A-11D0-8D11-00A0C91BC942}") = "ComputerGraphics_01_05", "ComputerGraphics_01_05\ComputerGraphics_01_05.vcxproj", "{10D3FA39-33DB-48DD-93B2-82A55BA3B12D}"
EndProject
Project("{8BC9CEB8-8B4A-11D0-8D11-00A0C91BC942}") = "ComputerGraphics_01_06", "ComputerGraphics_01_06\ComputerGraphics_01_06.vcxproj", "{8509E82D-8A0D-4430-B755-AC9DF726F2B1}"
EndProject
Project("{8BC9CEB8-8B4A-11D0-8D11-00A0C91BC942}") = "ComputerGraphics_01_07", "ComputerGraphics_01_07\ComputerGraphics_01_07.vcxproj", "{BC176198-4A3F-4AEA-AF8D-C0B4045E2CD1}"
EndProject
Project("{8BC9CEB8-8B4A-11D0-8D11-00A0C91BC942}") = "ComputerGraphics_01_08", "ComputerGraphics_01_08\ComputerGraphics_01_08.vcxproj", "{08529215-DABA-479F-9C58-74C49910F9E4}"
EndProject
Project("{8BC9CEB8-8B4A-11D0-8D11-00A0C91BC942}") = "ComputerGraphics_01_11", "ComputerGraphics_01_11\ComputerGraphics_01_11.vcxproj", "{FA05F49F-2F46-45BF-B64F-CCAA2DE8930D}"
EndProject
Project("{8BC9CEB8-8B4A-11D0-8D11-00A0C91BC942}") = "ComputerGraphics_01_09", "ComputerGraphics_01_09\ComputerGraphics_01_09.vcxproj", "{D2B4EC1E-0BE8-48EF-8140-33E02777B614}"
EndProject
Project("{8BC9CEB8-8B4A-11D0-8D11-00A0C91BC942}") = "ComputerGraphics_01_10", "ComputerGraphics_01_10\ComputerGraphics_01_10.vcxproj", "{B61AA0AF-3B9D-45A9-88F8-7866C9220D4D}"
EndProject
Project("{8BC9CEB8-8B4A-11D0-8D11-00A0C91BC942}") = "ComputerGraphics_01_12", "ComputerGraphics_01_12\ComputerGraphics_01_12.vcxproj", "{F64AC4EE-F69D-4F4C-A0E2-4FF6380C7D5E}"
EndProject
Project("{8BC9CEB8-8B4A-11D0-8D11-00A0C91BC942}") = "ComputerGraphics_01_14", "ComputerGraphics_01_14\ComputerGraphics_01_14.vcxproj", "{A32F7892-567E-4F79-8B07-2DC0E92F9465}"
EndProject
Project("{8BC9CEB8-8B4A-11D0-8D11-00A0C91BC942}") = "ComputerGraphics_01_13", "ComputerGraphics_01_13\ComputerGraphics_01_13.vcxproj", "{913C6D39-579E-40EB-8AD0-81A155CBEDB5}"
EndProject
Project("{8BC9CEB8-8B4A-11D0-8D11-00A0C91BC942}") = "ComputerGraphics_01_15", "ComputerGraphics_01_15\ComputerGraphics_01_15.vcxproj", "{A207C83E-AD52-4AC9-9BC6-D2F22C5F9AC1}"
EndProject
Project("{8BC9CEB8-8B4A-11D0-8D11-00A0C91BC942}") = "ComputerGraphics_01_16", "ComputerGraphics_01_16\ComputerGraphics_01_16.vcxproj", "{048D0B53-6972-4A81-B6B2-249092921F95}"
EndProject
Project("{8BC9CEB8-8B4A-11D0-8D11-00A0C91BC942}") = "ComputerGraphics_01_17", "ComputerGraphics_01_17\ComputerGraphics_01_17.vcxproj", "{7227DF7C-1CA7-4CCD-93BF-BD2567BDF93D}"
EndProject
Project("{8BC9CEB8-8B4A-11D0-8D11-00A0C91BC942}") = "ComputerGraphics_01_18", "ComputerGraphics_01_18\ComputerGraphics_01_18.vcxproj", "{CFDD441D-887F-4F30-B92A-0A0BCDD7D396}"
EndProject
Project("{8BC9CEB8-8B4A-11D0-8D11-00A0C91BC942}") = "ComputerGraphics_01_19", "ComputerGraghics_01_19\ComputerGraghics_01_19.vcxproj", "{5A855539-1B2F-491D-9E44-3A01670A2E15}"
EndProject
Project("{8BC9CEB8-8B4A-11D0-8D11-00A0C91BC942}") = "ComputerGraphics_01_20", "ComputerGraphics_01_20\ComputerGraphics_01_20.vcxproj", "{B500874C-87FB-40B4-B7EC-DB1F095D233B}"
EndProject
Project("{8BC9CEB8-8B4A-11D0-8D11-00A0C91BC942}") = "ComputerGraphics_01_21", "ComputerGraphics_01_21\ComputerGraphics_01_21.vcxproj", "{7E6833BC-50A3-41A8-B3A3-1BA629FC3D2C}"
EndProject
Project("{8BC9CEB8-8B4A-11D0-8D11-00A0C91BC942}") = "ComputerGraphics_01_22", "ComputerGraphics_01_22\ComputerGraphics_01_22.vcxproj", "{B2F467C6-0BCB-4F91-A0B1-14E4BA0F47A9}"
EndProject
Project("{8BC9CEB8-8B4A-11D0-8D11-00A0C91BC942}") = "ComputerGraphics_01_23", "ComputerGraphics_01_23\ComputerGraphics_01_23.vcxproj", "{5248BFBB-0E30-42AD-8017-95CF18F2F044}"
EndProject
Project("{8BC9CEB8-8B4A-11D0-8D11-00A0C91BC942}") = "ComputerGraphics_01_24", "ComputerGraphics_01_24\ComputerGraphics_01_24.vcxproj", "{245EA6DB-C411-4B5D-AD8E-2D38AC03320D}"
EndProject
Project("{8BC9CEB8-8B4A-11D0-8D11-00A0C91BC942}") = "ComputerGraphics_01_25", "ComputerGraphics_01_25\ComputerGraphics_01_25.vcxproj", "{3DFC363D-D90F-4998-B255-B7CE0C9C1A7C}"
EndProject
Project("{8BC9CEB8-8B4A-11D0-8D11-00A0C91BC942}") = "ComputerGraphics_01_26", "ComputerGraphics_01_26\ComputerGraphics_01_26.vcxproj", "{08CB1B17-0833-4B17-A64A-CDFEC0AC37D6}"
EndProject
Project("{8BC9CEB8-8B4A-11D0-8D11-00A0C91BC942}") = "ComputerGraphics_01_27", "ComputerGraphics_01_27\ComputerGraphics_01_27.vcxproj", "{1F2D4532-A041-4F24-8AF4-62DEEE07A534}"
EndProject
Project("{8BC9CEB8-8B4A-11D0-8D11-00A0C91BC942}") = "ComputerGraphics_01_29", "ComputerGraphics_01_29\ComputerGraphics_01_29.vcxproj", "{A552BBC4-E634-4FEA-A939-F9E525B99B4D}"
EndProject
Project("{8BC9CEB8-8B4A-11D0-8D11-00A0C91BC942}") = "ComputerGraphics_01_31", "ComputerGraphics_01_31\ComputerGraphics_01_31.vcxproj", "{481F1BAE-839F-43DE-87D4-9C69E66969DB}"
EndProject
Project("{8BC9CEB8-8B4A-11D0-8D11-00A0C91BC942}") = "ComputerGraphics_01_30", "ComputerGraphics_01_30\ComputerGraphics_01_30.vcxproj", "{2CB99863-2573-47EB-A5BC-18A5F8EC36DF}"
EndProject
Global
	GlobalSection(SolutionConfigurationPlatforms) = preSolution
		Debug|x64 = Debug|x64
		Debug|x86 = Debug|x86
		Release|x64 = Release|x64
		Release|x86 = Release|x86
	EndGlobalSection
	GlobalSection(ProjectConfigurationPlatforms) = postSolution
		{E9CC2F5A-6883-4527-B56E-21A6949FBF30}.Debug|x64.ActiveCfg = Debug|x64
		{E9CC2F5A-6883-4527-B56E-21A6949FBF30}.Debug|x64.Build.0 = Debug|x64
		{E9CC2F5A-6883-4527-B56E-21A6949FBF30}.Debug|x86.ActiveCfg = Debug|Win32
		{E9CC2F5A-6883-4527-B56E-21A6949FBF30}.Debug|x86.Build.0 = Debug|Win32
		{E9CC2F5A-6883-4527-B56E-21A6949FBF30}.Release|x64.ActiveCfg = Release|x64
		{E9CC2F5A-6883-4527-B56E-21A6949FBF30}.Release|x64.Build.0 = Release|x64
		{E9CC2F5A-6883-4527-B56E-21A6949FBF30}.Release|x86.ActiveCfg = Release|Win32
		{E9CC2F5A-6883-4527-B56E-21A6949FBF30}.Release|x86.Build.0 = Release|Win32
		{552079F7-EB69-4892-9530-AF9793F024E4}.Debug|x64.ActiveCfg = Debug|x64
		{552079F7-EB69-4892-9530-AF9793F024E4}.Debug|x64.Build.0 = Debug|x64
		{552079F7-EB69-4892-9530-AF9793F024E4}.Debug|x86.ActiveCfg = Debug|Win32
		{552079F7-EB69-4892-9530-AF9793F024E4}.Debug|x86.Build.0 = Debug|Win32
		{552079F7-EB69-4892-9530-AF9793F024E4}.Release|x64.ActiveCfg = Release|x64
		{552079F7-EB69-4892-9530-AF9793F024E4}.Release|x64.Build.0 = Release|x64
		{552079F7-EB69-4892-9530-AF9793F024E4}.Release|x86.ActiveCfg = Release|Win32
		{552079F7-EB69-4892-9530-AF9793F024E4}.Release|x86.Build.0 = Release|Win32
		{EE9B2E53-B21D-4B3A-A568-606E55425C28}.Debug|x64.ActiveCfg = Debug|x64
		{EE9B2E53-B21D-4B3A-A568-606E55425C28}.Debug|x64.Build.0 = Debug|x64
		{EE9B2E53-B21D-4B3A-A568-606E55425C28}.Debug|x86.ActiveCfg = Debug|Win32
		{EE9B2E53-B21D-4B3A-A568-606E55425C28}.Debug|x86.Build.0 = Debug|Win32
		{EE9B2E53-B21D-4B3A-A568-606E55425C28}.Release|x64.ActiveCfg = Release|x64
		{EE9B2E53-B21D-4B3A-A568-606E55425C28}.Release|x64.Build.0 = Release|x64
		{EE9B2E53-B21D-4B3A-A568-606E55425C28}.Release|x86.ActiveCfg = Release|Win32
		{EE9B2E53-B21D-4B3A-A568-606E55425C28}.Release|x86.Build.0 = Release|Win32
		{013B65C8-4811-4919-8D40-4EEDB8389B7F}.Debug|x64.ActiveCfg = Debug|x64
		{013B65C8-4811-4919-8D40-4EEDB8389B7F}.Debug|x64.Build.0 = Debug|x64
		{013B65C8-4811-4919-8D40-4EEDB8389B7F}.Debug|x86.ActiveCfg = Debug|Win32
		{013B65C8-4811-4919-8D40-4EEDB8389B7F}.Debug|x86.Build.0 = Debug|Win32
		{013B65C8-4811-4919-8D40-4EEDB8389B7F}.Release|x64.ActiveCfg = Release|x64
		{013B65C8-4811-4919-8D40-4EEDB8389B7F}.Release|x64.Build.0 = Release|x64
		{013B65C8-4811-4919-8D40-4EEDB8389B7F}.Release|x86.ActiveCfg = Release|Win32
		{013B65C8-4811-4919-8D40-4EEDB8389B7F}.Release|x86.Build.0 = Release|Win32
		{10D3FA39-33DB-48DD-93B2-82A55BA3B12D}.Debug|x64.ActiveCfg = Debug|x64
		{10D3FA39-33DB-48DD-93B2-82A55BA3B12D}.Debug|x64.Build.0 = Debug|x64
		{10D3FA39-33DB-48DD-93B2-82A55BA3B12D}.Debug|x86.ActiveCfg = Debug|Win32
		{10D3FA39-33DB-48DD-93B2-82A55BA3B12D}.Debug|x86.Build.0 = Debug|Win32
		{10D3FA39-33DB-48DD-93B2-82A55BA3B12D}.Release|x64.ActiveCfg = Release|x64
		{10D3FA39-33DB-48DD-93B2-82A55BA3B12D}.Release|x64.Build.0 = Release|x64
		{10D3FA39-33DB-48DD-93B2-82A55BA3B12D}.Release|x86.ActiveCfg = Release|Win32
		{10D3FA39-33DB-48DD-93B2-82A55BA3B12D}.Release|x86.Build.0 = Release|Win32
		{8509E82D-8A0D-4430-B755-AC9DF726F2B1}.Debug|x64.ActiveCfg = Debug|x64
		{8509E82D-8A0D-4430-B755-AC9DF726F2B1}.Debug|x64.Build.0 = Debug|x64
		{8509E82D-8A0D-4430-B755-AC9DF726F2B1}.Debug|x86.ActiveCfg = Debug|Win32
		{8509E82D-8A0D-4430-B755-AC9DF726F2B1}.Debug|x86.Build.0 = Debug|Win32
		{8509E82D-8A0D-4430-B755-AC9DF726F2B1}.Release|x64.ActiveCfg = Release|x64
		{8509E82D-8A0D-4430-B755-AC9DF726F2B1}.Release|x64.Build.0 = Release|x64
		{8509E82D-8A0D-4430-B755-AC9DF726F2B1}.Release|x86.ActiveCfg = Release|Win32
		{8509E82D-8A0D-4430-B755-AC9DF726F2B1}.Release|x86.Build.0 = Release|Win32
		{BC176198-4A3F-4AEA-AF8D-C0B4045E2CD1}.Debug|x64.ActiveCfg = Debug|x64
		{BC176198-4A3F-4AEA-AF8D-C0B4045E2CD1}.Debug|x64.Build.0 = Debug|x64
		{BC176198-4A3F-4AEA-AF8D-C0B4045E2CD1}.Debug|x86.ActiveCfg = Debug|Win32
		{BC176198-4A3F-4AEA-AF8D-C0B4045E2CD1}.Debug|x86.Build.0 = Debug|Win32
		{BC176198-4A3F-4AEA-AF8D-C0B4045E2CD1}.Release|x64.ActiveCfg = Release|x64
		{BC176198-4A3F-4AEA-AF8D-C0B4045E2CD1}.Release|x64.Build.0 = Release|x64
		{BC176198-4A3F-4AEA-AF8D-C0B4045E2CD1}.Release|x86.ActiveCfg = Release|Win32
		{BC176198-4A3F-4AEA-AF8D-C0B4045E2CD1}.Release|x86.Build.0 = Release|Win32
		{08529215-DABA-479F-9C58-74C49910F9E4}.Debug|x64.ActiveCfg = Debug|x64
		{08529215-DABA-479F-9C58-74C49910F9E4}.Debug|x64.Build.0 = Debug|x64
		{08529215-DABA-479F-9C58-74C49910F9E4}.Debug|x86.ActiveCfg = Debug|Win32
		{08529215-DABA-479F-9C58-74C49910F9E4}.Debug|x86.Build.0 = Debug|Win32
		{08529215-DABA-479F-9C58-74C49910F9E4}.Release|x64.ActiveCfg = Release|x64
		{08529215-DABA-479F-9C58-74C49910F9E4}.Release|x64.Build.0 = Release|x64
		{08529215-DABA-479F-9C58-74C49910F9E4}.Release|x86.ActiveCfg = Release|Win32
		{08529215-DABA-479F-9C58-74C49910F9E4}.Release|x86.Build.0 = Release|Win32
		{FA05F49F-2F46-45BF-B64F-CCAA2DE8930D}.Debug|x64.ActiveCfg = Debug|x64
		{FA05F49F-2F46-45BF-B64F-CCAA2DE8930D}.Debug|x64.Build.0 = Debug|x64
		{FA05F49F-2F46-45BF-B64F-CCAA2DE8930D}.Debug|x86.ActiveCfg = Debug|Win32
		{FA05F49F-2F46-45BF-B64F-CCAA2DE8930D}.Debug|x86.Build.0 = Debug|Win32
		{FA05F49F-2F46-45BF-B64F-CCAA2DE8930D}.Release|x64.ActiveCfg = Release|x64
		{FA05F49F-2F46-45BF-B64F-CCAA2DE8930D}.Release|x64.Build.0 = Release|x64
		{FA05F49F-2F46-45BF-B64F-CCAA2DE8930D}.Release|x86.ActiveCfg = Release|Win32
		{FA05F49F-2F46-45BF-B64F-CCAA2DE8930D}.Release|x86.Build.0 = Release|Win32
		{D2B4EC1E-0BE8-48EF-8140-33E02777B614}.Debug|x64.ActiveCfg = Debug|x64
		{D2B4EC1E-0BE8-48EF-8140-33E02777B614}.Debug|x64.Build.0 = Debug|x64
		{D2B4EC1E-0BE8-48EF-8140-33E02777B614}.Debug|x86.ActiveCfg = Debug|Win32
		{D2B4EC1E-0BE8-48EF-8140-33E02777B614}.Debug|x86.Build.0 = Debug|Win32
		{D2B4EC1E-0BE8-48EF-8140-33E02777B614}.Release|x64.ActiveCfg = Release|x64
		{D2B4EC1E-0BE8-48EF-8140-33E02777B614}.Release|x64.Build.0 = Release|x64
		{D2B4EC1E-0BE8-48EF-8140-33E02777B614}.Release|x86.ActiveCfg = Release|Win32
		{D2B4EC1E-0BE8-48EF-8140-33E02777B614}.Release|x86.Build.0 = Release|Win32
		{B61AA0AF-3B9D-45A9-88F8-7866C9220D4D}.Debug|x64.ActiveCfg = Debug|x64
		{B61AA0AF-3B9D-45A9-88F8-7866C9220D4D}.Debug|x64.Build.0 = Debug|x64
		{B61AA0AF-3B9D-45A9-88F8-7866C9220D4D}.Debug|x86.ActiveCfg = Debug|Win32
		{B61AA0AF-3B9D-45A9-88F8-7866C9220D4D}.Debug|x86.Build.0 = Debug|Win32
		{B61AA0AF-3B9D-45A9-88F8-7866C9220D4D}.Release|x64.ActiveCfg = Release|x64
		{B61AA0AF-3B9D-45A9-88F8-7866C9220D4D}.Release|x64.Build.0 = Release|x64
		{B61AA0AF-3B9D-45A9-88F8-7866C9220D4D}.Release|x86.ActiveCfg = Release|Win32
		{B61AA0AF-3B9D-45A9-88F8-7866C9220D4D}.Release|x86.Build.0 = Release|Win32
		{F64AC4EE-F69D-4F4C-A0E2-4FF6380C7D5E}.Debug|x64.ActiveCfg = Debug|x64
		{F64AC4EE-F69D-4F4C-A0E2-4FF6380C7D5E}.Debug|x64.Build.0 = Debug|x64
		{F64AC4EE-F69D-4F4C-A0E2-4FF6380C7D5E}.Debug|x86.ActiveCfg = Debug|Win32
		{F64AC4EE-F69D-4F4C-A0E2-4FF6380C7D5E}.Debug|x86.Build.0 = Debug|Win32
		{F64AC4EE-F69D-4F4C-A0E2-4FF6380C7D5E}.Release|x64.ActiveCfg = Release|x64
		{F64AC4EE-F69D-4F4C-A0E2-4FF6380C7D5E}.Release|x64.Build.0 = Release|x64
		{F64AC4EE-F69D-4F4C-A0E2-4FF6380C7D5E}.Release|x86.ActiveCfg = Release|Win32
		{F64AC4EE-F69D-4F4C-A0E2-4FF6380C7D5E}.Release|x86.Build.0 = Release|Win32
		{A32F7892-567E-4F79-8B07-2DC0E92F9465}.Debug|x64.ActiveCfg = Debug|x64
		{A32F7892-567E-4F79-8B07-2DC0E92F9465}.Debug|x64.Build.0 = Debug|x64
		{A32F7892-567E-4F79-8B07-2DC0E92F9465}.Debug|x86.ActiveCfg = Debug|Win32
		{A32F7892-567E-4F79-8B07-2DC0E92F9465}.Debug|x86.Build.0 = Debug|Win32
		{A32F7892-567E-4F79-8B07-2DC0E92F9465}.Release|x64.ActiveCfg = Release|x64
		{A32F7892-567E-4F79-8B07-2DC0E92F9465}.Release|x64.Build.0 = Release|x64
		{A32F7892-567E-4F79-8B07-2DC0E92F9465}.Release|x86.ActiveCfg = Release|Win32
		{A32F7892-567E-4F79-8B07-2DC0E92F9465}.Release|x86.Build.0 = Release|Win32
		{913C6D39-579E-40EB-8AD0-81A155CBEDB5}.Debug|x64.ActiveCfg = Debug|x64
		{913C6D39-579E-40EB-8AD0-81A155CBEDB5}.Debug|x64.Build.0 = Debug|x64
		{913C6D39-579E-40EB-8AD0-81A155CBEDB5}.Debug|x86.ActiveCfg = Debug|Win32
		{913C6D39-579E-40EB-8AD0-81A155CBEDB5}.Debug|x86.Build.0 = Debug|Win32
		{913C6D39-579E-40EB-8AD0-81A155CBEDB5}.Release|x64.ActiveCfg = Release|x64
		{913C6D39-579E-40EB-8AD0-81A155CBEDB5}.Release|x64.Build.0 = Release|x64
		{913C6D39-579E-40EB-8AD0-81A155CBEDB5}.Release|x86.ActiveCfg = Release|Win32
		{913C6D39-579E-40EB-8AD0-81A155CBEDB5}.Release|x86.Build.0 = Release|Win32
		{A207C83E-AD52-4AC9-9BC6-D2F22C5F9AC1}.Debug|x64.ActiveCfg = Debug|x64
		{A207C83E-AD52-4AC9-9BC6-D2F22C5F9AC1}.Debug|x64.Build.0 = Debug|x64
		{A207C83E-AD52-4AC9-9BC6-D2F22C5F9AC1}.Debug|x86.ActiveCfg = Debug|Win32
		{A207C83E-AD52-4AC9-9BC6-D2F22C5F9AC1}.Debug|x86.Build.0 = Debug|Win32
		{A207C83E-AD52-4AC9-9BC6-D2F22C5F9AC1}.Release|x64.ActiveCfg = Release|x64
		{A207C83E-AD52-4AC9-9BC6-D2F22C5F9AC1}.Release|x64.Build.0 = Release|x64
		{A207C83E-AD52-4AC9-9BC6-D2F22C5F9AC1}.Release|x86.ActiveCfg = Release|Win32
		{A207C83E-AD52-4AC9-9BC6-D2F22C5F9AC1}.Release|x86.Build.0 = Release|Win32
		{048D0B53-6972-4A81-B6B2-249092921F95}.Debug|x64.ActiveCfg = Debug|x64
		{048D0B53-6972-4A81-B6B2-249092921F95}.Debug|x64.Build.0 = Debug|x64
		{048D0B53-6972-4A81-B6B2-249092921F95}.Debug|x86.ActiveCfg = Debug|Win32
		{048D0B53-6972-4A81-B6B2-249092921F95}.Debug|x86.Build.0 = Debug|Win32
		{048D0B53-6972-4A81-B6B2-249092921F95}.Release|x64.ActiveCfg = Release|x64
		{048D0B53-6972-4A81-B6B2-249092921F95}.Release|x64.Build.0 = Release|x64
		{048D0B53-6972-4A81-B6B2-249092921F95}.Release|x86.ActiveCfg = Release|Win32
		{048D0B53-6972-4A81-B6B2-249092921F95}.Release|x86.Build.0 = Release|Win32
		{7227DF7C-1CA7-4CCD-93BF-BD2567BDF93D}.Debug|x64.ActiveCfg = Debug|x64
		{7227DF7C-1CA7-4CCD-93BF-BD2567BDF93D}.Debug|x64.Build.0 = Debug|x64
		{7227DF7C-1CA7-4CCD-93BF-BD2567BDF93D}.Debug|x86.ActiveCfg = Debug|Win32
		{7227DF7C-1CA7-4CCD-93BF-BD2567BDF93D}.Debug|x86.Build.0 = Debug|Win32
		{7227DF7C-1CA7-4CCD-93BF-BD2567BDF93D}.Release|x64.ActiveCfg = Release|x64
		{7227DF7C-1CA7-4CCD-93BF-BD2567BDF93D}.Release|x64.Build.0 = Release|x64
		{7227DF7C-1CA7-4CCD-93BF-BD2567BDF93D}.Release|x86.ActiveCfg = Release|Win32
		{7227DF7C-1CA7-4CCD-93BF-BD2567BDF93D}.Release|x86.Build.0 = Release|Win32
		{CFDD441D-887F-4F30-B92A-0A0BCDD7D396}.Debug|x64.ActiveCfg = Debug|x64
		{CFDD441D-887F-4F30-B92A-0A0BCDD7D396}.Debug|x64.Build.0 = Debug|x64
		{CFDD441D-887F-4F30-B92A-0A0BCDD7D396}.Debug|x86.ActiveCfg = Debug|Win32
		{CFDD441D-887F-4F30-B92A-0A0BCDD7D396}.Debug|x86.Build.0 = Debug|Win32
		{CFDD441D-887F-4F30-B92A-0A0BCDD7D396}.Release|x64.ActiveCfg = Release|x64
		{CFDD441D-887F-4F30-B92A-0A0BCDD7D396}.Release|x64.Build.0 = Release|x64
		{CFDD441D-887F-4F30-B92A-0A0BCDD7D396}.Release|x86.ActiveCfg = Release|Win32
		{CFDD441D-887F-4F30-B92A-0A0BCDD7D396}.Release|x86.Build.0 = Release|Win32
		{5A855539-1B2F-491D-9E44-3A01670A2E15}.Debug|x64.ActiveCfg = Debug|x64
		{5A855539-1B2F-491D-9E44-3A01670A2E15}.Debug|x64.Build.0 = Debug|x64
		{5A855539-1B2F-491D-9E44-3A01670A2E15}.Debug|x86.ActiveCfg = Debug|Win32
		{5A855539-1B2F-491D-9E44-3A01670A2E15}.Debug|x86.Build.0 = Debug|Win32
		{5A855539-1B2F-491D-9E44-3A01670A2E15}.Release|x64.ActiveCfg = Release|x64
		{5A855539-1B2F-491D-9E44-3A01670A2E15}.Release|x64.Build.0 = Release|x64
		{5A855539-1B2F-491D-9E44-3A01670A2E15}.Release|x86.ActiveCfg = Release|Win32
		{5A855539-1B2F-491D-9E44-3A01670A2E15}.Release|x86.Build.0 = Release|Win32
		{B500874C-87FB-40B4-B7EC-DB1F095D233B}.Debug|x64.ActiveCfg = Debug|x64
		{B500874C-87FB-40B4-B7EC-DB1F095D233B}.Debug|x64.Build.0 = Debug|x64
		{B500874C-87FB-40B4-B7EC-DB1F095D233B}.Debug|x86.ActiveCfg = Debug|Win32
		{B500874C-87FB-40B4-B7EC-DB1F095D233B}.Debug|x86.Build.0 = Debug|Win32
		{B500874C-87FB-40B4-B7EC-DB1F095D233B}.Release|x64.ActiveCfg = Release|x64
		{B500874C-87FB-40B4-B7EC-DB1F095D233B}.Release|x64.Build.0 = Release|x64
		{B500874C-87FB-40B4-B7EC-DB1F095D233B}.Release|x86.ActiveCfg = Release|Win32
		{B500874C-87FB-40B4-B7EC-DB1F095D233B}.Release|x86.Build.0 = Release|Win32
		{7E6833BC-50A3-41A8-B3A3-1BA629FC3D2C}.Debug|x64.ActiveCfg = Debug|x64
		{7E6833BC-50A3-41A8-B3A3-1BA629FC3D2C}.Debug|x64.Build.0 = Debug|x64
		{7E6833BC-50A3-41A8-B3A3-1BA629FC3D2C}.Debug|x86.ActiveCfg = Debug|Win32
		{7E6833BC-50A3-41A8-B3A3-1BA629FC3D2C}.Debug|x86.Build.0 = Debug|Win32
		{7E6833BC-50A3-41A8-B3A3-1BA629FC3D2C}.Release|x64.ActiveCfg = Release|x64
		{7E6833BC-50A3-41A8-B3A3-1BA629FC3D2C}.Release|x64.Build.0 = Release|x64
		{7E6833BC-50A3-41A8-B3A3-1BA629FC3D2C}.Release|x86.ActiveCfg = Release|Win32
		{7E6833BC-50A3-41A8-B3A3-1BA629FC3D2C}.Release|x86.Build.0 = Release|Win32
		{B2F467C6-0BCB-4F91-A0B1-14E4BA0F47A9}.Debug|x64.ActiveCfg = Debug|x64
		{B2F467C6-0BCB-4F91-A0B1-14E4BA0F47A9}.Debug|x64.Build.0 = Debug|x64
		{B2F467C6-0BCB-4F91-A0B1-14E4BA0F47A9}.Debug|x86.ActiveCfg = Debug|Win32
		{B2F467C6-0BCB-4F91-A0B1-14E4BA0F47A9}.Debug|x86.Build.0 = Debug|Win32
		{B2F467C6-0BCB-4F91-A0B1-14E4BA0F47A9}.Release|x64.ActiveCfg = Release|x64
		{B2F467C6-0BCB-4F91-A0B1-14E4BA0F47A9}.Release|x64.Build.0 = Release|x64
		{B2F467C6-0BCB-4F91-A0B1-14E4BA0F47A9}.Release|x86.ActiveCfg = Release|Win32
		{B2F467C6-0BCB-4F91-A0B1-14E4BA0F47A9}.Release|x86.Build.0 = Release|Win32
		{5248BFBB-0E30-42AD-8017-95CF18F2F044}.Debug|x64.ActiveCfg = Debug|x64
		{5248BFBB-0E30-42AD-8017-95CF18F2F044}.Debug|x64.Build.0 = Debug|x64
		{5248BFBB-0E30-42AD-8017-95CF18F2F044}.Debug|x86.ActiveCfg = Debug|Win32
		{5248BFBB-0E30-42AD-8017-95CF18F2F044}.Debug|x86.Build.0 = Debug|Win32
		{5248BFBB-0E30-42AD-8017-95CF18F2F044}.Release|x64.ActiveCfg = Release|x64
		{5248BFBB-0E30-42AD-8017-95CF18F2F044}.Release|x64.Build.0 = Release|x64
		{5248BFBB-0E30-42AD-8017-95CF18F2F044}.Release|x86.ActiveCfg = Release|Win32
		{5248BFBB-0E30-42AD-8017-95CF18F2F044}.Release|x86.Build.0 = Release|Win32
		{245EA6DB-C411-4B5D-AD8E-2D38AC03320D}.Debug|x64.ActiveCfg = Debug|x64
		{245EA6DB-C411-4B5D-AD8E-2D38AC03320D}.Debug|x64.Build.0 = Debug|x64
		{245EA6DB-C411-4B5D-AD8E-2D38AC03320D}.Debug|x86.ActiveCfg = Debug|Win32
		{245EA6DB-C411-4B5D-AD8E-2D38AC03320D}.Debug|x86.Build.0 = Debug|Win32
		{245EA6DB-C411-4B5D-AD8E-2D38AC03320D}.Release|x64.ActiveCfg = Release|x64
		{245EA6DB-C411-4B5D-AD8E-2D38AC03320D}.Release|x64.Build.0 = Release|x64
		{245EA6DB-C411-4B5D-AD8E-2D38AC03320D}.Release|x86.ActiveCfg = Release|Win32
		{245EA6DB-C411-4B5D-AD8E-2D38AC03320D}.Release|x86.Build.0 = Release|Win32
		{3DFC363D-D90F-4998-B255-B7CE0C9C1A7C}.Debug|x64.ActiveCfg = Debug|x64
		{3DFC363D-D90F-4998-B255-B7CE0C9C1A7C}.Debug|x64.Build.0 = Debug|x64
		{3DFC363D-D90F-4998-B255-B7CE0C9C1A7C}.Debug|x86.ActiveCfg = Debug|Win32
		{3DFC363D-D90F-4998-B255-B7CE0C9C1A7C}.Debug|x86.Build.0 = Debug|Win32
		{3DFC363D-D90F-4998-B255-B7CE0C9C1A7C}.Release|x64.ActiveCfg = Release|x64
		{3DFC363D-D90F-4998-B255-B7CE0C9C1A7C}.Release|x64.Build.0 = Release|x64
		{3DFC363D-D90F-4998-B255-B7CE0C9C1A7C}.Release|x86.ActiveCfg = Release|Win32
		{3DFC363D-D90F-4998-B255-B7CE0C9C1A7C}.Release|x86.Build.0 = Release|Win32
		{08CB1B17-0833-4B17-A64A-CDFEC0AC37D6}.Debug|x64.ActiveCfg = Debug|x64
		{08CB1B17-0833-4B17-A64A-CDFEC0AC37D6}.Debug|x64.Build.0 = Debug|x64
		{08CB1B17-0833-4B17-A64A-CDFEC0AC37D6}.Debug|x86.ActiveCfg = Debug|Win32
		{08CB1B17-0833-4B17-A64A-CDFEC0AC37D6}.Debug|x86.Build.0 = Debug|Win32
		{08CB1B17-0833-4B17-A64A-CDFEC0AC37D6}.Release|x64.ActiveCfg = Release|x64
		{08CB1B17-0833-4B17-A64A-CDFEC0AC37D6}.Release|x64.Build.0 = Release|x64
		{08CB1B17-0833-4B17-A64A-CDFEC0AC37D6}.Release|x86.ActiveCfg = Release|Win32
		{08CB1B17-0833-4B17-A64A-CDFEC0AC37D6}.Release|x86.Build.0 = Release|Win32
		{1F2D4532-A041-4F24-8AF4-62DEEE07A534}.Debug|x64.ActiveCfg = Debug|x64
		{1F2D4532-A041-4F24-8AF4-62DEEE07A534}.Debug|x64.Build.0 = Debug|x64
		{1F2D4532-A041-4F24-8AF4-62DEEE07A534}.Debug|x86.ActiveCfg = Debug|Win32
		{1F2D4532-A041-4F24-8AF4-62DEEE07A534}.Debug|x86.Build.0 = Debug|Win32
		{1F2D4532-A041-4F24-8AF4-62DEEE07A534}.Release|x64.ActiveCfg = Release|x64
		{1F2D4532-A041-4F24-8AF4-62DEEE07A534}.Release|x64.Build.0 = Release|x64
		{1F2D4532-A041-4F24-8AF4-62DEEE07A534}.Release|x86.ActiveCfg = Release|Win32
		{1F2D4532-A041-4F24-8AF4-62DEEE07A534}.Release|x86.Build.0 = Release|Win32
		{A552BBC4-E634-4FEA-A939-F9E525B99B4D}.Debug|x64.ActiveCfg = Debug|x64
		{A552BBC4-E634-4FEA-A939-F9E525B99B4D}.Debug|x64.Build.0 = Debug|x64
		{A552BBC4-E634-4FEA-A939-F9E525B99B4D}.Debug|x86.ActiveCfg = Debug|Win32
		{A552BBC4-E634-4FEA-A939-F9E525B99B4D}.Debug|x86.Build.0 = Debug|Win32
		{A552BBC4-E634-4FEA-A939-F9E525B99B4D}.Release|x64.ActiveCfg = Release|x64
		{A552BBC4-E634-4FEA-A939-F9E525B99B4D}.Release|x64.Build.0 = Release|x64
		{A552BBC4-E634-4FEA-A939-F9E525B99B4D}.Release|x86.ActiveCfg = Release|Win32
		{A552BBC4-E634-4FEA-A939-F9E525B99B4D}.Release|x86.Build.0 = Release|Win32
		{481F1BAE-839F-43DE-87D4-9C69E66969DB}.Debug|x64.ActiveCfg = Debug|x64
		{481F1BAE-839F-43DE-87D4-9C69E66969DB}.Debug|x64.Build.0 = Debug|x64
		{481F1BAE-839F-43DE-87D4-9C69E66969DB}.Debug|x86.ActiveCfg = Debug|Win32
		{481F1BAE-839F-43DE-87D4-9C69E66969DB}.Debug|x86.Build.0 = Debug|Win32
		{481F1BAE-839F-43DE-87D4-9C69E66969DB}.Release|x64.ActiveCfg = Release|x64
		{481F1BAE-839F-43DE-87D4-9C69E66969DB}.Release|x64.Build.0 = Release|x64
		{481F1BAE-839F-43DE-87D4-9C69E66969DB}.Release|x86.ActiveCfg = Release|Win32
		{481F1BAE-839F-43DE-87D4-9C69E66969DB}.Release|x86.Build.0 = Release|Win32
		{2CB99863-2573-47EB-A5BC-18A5F8EC36DF}.Debug|x64.ActiveCfg = Debug|x64
		{2CB99863-2573-47EB-A5BC-18A5F8EC36DF}.Debug|x64.Build.0 = Debug|x64
		{2CB99863-2573-47EB-A5BC-18A5F8EC36DF}.Debug|x86.ActiveCfg = Debug|Win32
		{2CB99863-2573-47EB-A5BC-18A5F8EC36DF}.Debug|x86.Build.0 = Debug|Win32
		{2CB99863-2573-47EB-A5BC-18A5F8EC36DF}.Release|x64.ActiveCfg = Release|x64
		{2CB99863-2573-47EB-A5BC-18A5F8EC36DF}.Release|x64.Build.0 = Release|x64
		{2CB99863-2573-47EB-A5BC-18A5F8EC36DF}.Release|x86.ActiveCfg = Release|Win32
		{2CB99863-2573-47EB-A5BC-18A5F8EC36DF}.Release|x86.Build.0 = Release|Win32
	EndGlobalSection
	GlobalSection(SolutionProperties) = preSolution
		HideSolutionNode = FALSE
	EndGlobalSection
	GlobalSection(ExtensibilityGlobals) = postSolution
		SolutionGuid = {0ED2331D-B91E-4409-B326-FF5E7E502317}
	EndGlobalSection
EndGlobal
